
Microsoft Visual Studio Solution File, Format Version 12.00
# Visual Studio Version 16
VisualStudioVersion = 16.0.29920.165
MinimumVisualStudioVersion = 10.0.40219.1
Project("{FAE04EC0-301F-11D3-BF4B-00C04F79EFBC}") = "PetID.ImageClassification", "PetID.ImageClassification\PetID.ImageClassification.csproj", "{F4F143AA-9F6E-4A92-9C6E-CCF292342AE0}"
EndProject
Global
	GlobalSection(SolutionConfigurationPlatforms) = preSolution
		Debug|Any CPU = Debug|Any CPU
		Release|Any CPU = Release|Any CPU
	EndGlobalSection
	GlobalSection(ProjectConfigurationPlatforms) = postSolution
		{F4F143AA-9F6E-4A92-9C6E-CCF292342AE0}.Debug|Any CPU.ActiveCfg = Debug|Any CPU
		{F4F143AA-9F6E-4A92-9C6E-CCF292342AE0}.Debug|Any CPU.Build.0 = Debug|Any CPU
		{F4F143AA-9F6E-4A92-9C6E-CCF292342AE0}.Release|Any CPU.ActiveCfg = Release|Any CPU
		{F4F143AA-9F6E-4A92-9C6E-CCF292342AE0}.Release|Any CPU.Build.0 = Release|Any CPU
	EndGlobalSection
	GlobalSection(SolutionProperties) = preSolution
		HideSolutionNode = FALSE
	EndGlobalSection
	GlobalSection(ExtensibilityGlobals) = postSolution
		SolutionGuid = {338446A0-6B15-4148-92BE-0DD14ED8EE56}
	EndGlobalSection
EndGlobal
